
Microsoft Visual Studio Solution File, Format Version 12.00
# Visual Studio 15
VisualStudioVersion = 15.0.28010.2036
MinimumVisualStudioVersion = 10.0.40219.1
Project("{FAE04EC0-301F-11D3-BF4B-00C04F79EFBC}") = "Ejercicio 2 Arbol 1", "Ejercicio 2 Arbol 1\Ejercicio 2 Arbol 1.csproj", "{248775E9-5094-4E97-9FFE-50605BD7A606}"
EndProject
Project("{FAE04EC0-301F-11D3-BF4B-00C04F79EFBC}") = "Ejercicio 2 Arbol 2", "Ejercicio 2 Arbol 2\Ejercicio 2 Arbol 2.csproj", "{35C258FF-388F-45F9-8CD2-ABBACA31EC70}"
EndProject
Project("{FAE04EC0-301F-11D3-BF4B-00C04F79EFBC}") = "Ejecicio 1 Grafo", "Ejecicio 1 Grafo\Ejecicio 1 Grafo.csproj", "{17D9CF73-63AC-4CE3-82CB-1EEDD346F96E}"
EndProject
Global
	GlobalSection(SolutionConfigurationPlatforms) = preSolution
		Debug|Any CPU = Debug|Any CPU
		Release|Any CPU = Release|Any CPU
	EndGlobalSection
	GlobalSection(ProjectConfigurationPlatforms) = postSolution
		{248775E9-5094-4E97-9FFE-50605BD7A606}.Debug|Any CPU.ActiveCfg = Debug|Any CPU
		{248775E9-5094-4E97-9FFE-50605BD7A606}.Debug|Any CPU.Build.0 = Debug|Any CPU
		{248775E9-5094-4E97-9FFE-50605BD7A606}.Release|Any CPU.ActiveCfg = Release|Any CPU
		{248775E9-5094-4E97-9FFE-50605BD7A606}.Release|Any CPU.Build.0 = Release|Any CPU
		{35C258FF-388F-45F9-8CD2-ABBACA31EC70}.Debug|Any CPU.ActiveCfg = Debug|Any CPU
		{35C258FF-388F-45F9-8CD2-ABBACA31EC70}.Debug|Any CPU.Build.0 = Debug|Any CPU
		{35C258FF-388F-45F9-8CD2-ABBACA31EC70}.Release|Any CPU.ActiveCfg = Release|Any CPU
		{35C258FF-388F-45F9-8CD2-ABBACA31EC70}.Release|Any CPU.Build.0 = Release|Any CPU
		{17D9CF73-63AC-4CE3-82CB-1EEDD346F96E}.Debug|Any CPU.ActiveCfg = Debug|Any CPU
		{17D9CF73-63AC-4CE3-82CB-1EEDD346F96E}.Debug|Any CPU.Build.0 = Debug|Any CPU
		{17D9CF73-63AC-4CE3-82CB-1EEDD346F96E}.Release|Any CPU.ActiveCfg = Release|Any CPU
		{17D9CF73-63AC-4CE3-82CB-1EEDD346F96E}.Release|Any CPU.Build.0 = Release|Any CPU
	EndGlobalSection
	GlobalSection(SolutionProperties) = preSolution
		HideSolutionNode = FALSE
	EndGlobalSection
	GlobalSection(ExtensibilityGlobals) = postSolution
		SolutionGuid = {F1501A42-1CFC-4244-9833-6DF4E73079FF}
	EndGlobalSection
EndGlobal
