
Microsoft Visual Studio Solution File, Format Version 12.00
# Visual Studio 15
VisualStudioVersion = 15.0.27130.2010
MinimumVisualStudioVersion = 10.0.40219.1
Project("{FAE04EC0-301F-11D3-BF4B-00C04F79EFBC}") = "E4-1.- Arbol", "E4-1.- Arbol\E4-1.- Arbol.csproj", "{89ADAD14-6B4E-45EB-A66F-7FED07803D6E}"
EndProject
Global
	GlobalSection(SolutionConfigurationPlatforms) = preSolution
		Debug|Any CPU = Debug|Any CPU
		Release|Any CPU = Release|Any CPU
	EndGlobalSection
	GlobalSection(ProjectConfigurationPlatforms) = postSolution
		{89ADAD14-6B4E-45EB-A66F-7FED07803D6E}.Debug|Any CPU.ActiveCfg = Debug|Any CPU
		{89ADAD14-6B4E-45EB-A66F-7FED07803D6E}.Debug|Any CPU.Build.0 = Debug|Any CPU
		{89ADAD14-6B4E-45EB-A66F-7FED07803D6E}.Release|Any CPU.ActiveCfg = Release|Any CPU
		{89ADAD14-6B4E-45EB-A66F-7FED07803D6E}.Release|Any CPU.Build.0 = Release|Any CPU
	EndGlobalSection
	GlobalSection(SolutionProperties) = preSolution
		HideSolutionNode = FALSE
	EndGlobalSection
	GlobalSection(ExtensibilityGlobals) = postSolution
		SolutionGuid = {7A241792-4F3F-4B1B-B791-554EACE870FE}
	EndGlobalSection
EndGlobal
